// !$*UTF8*$!
{
	archiveVersion = 1;
	classes = {
	};
	objectVersion = 55;
	objects = {

/* Begin PBXBuildFile section */
		0B3BEA58B0BCB63B8E0B866E /* Pods_MoovTests.framework in Frameworks */ = {isa = PBXBuildFile; fileRef = 841863F8833C02414C1801AF /* Pods_MoovTests.framework */; };
		149307419309492D654B435C /* Pods_Moov_MoovUITests.framework in Frameworks */ = {isa = PBXBuildFile; fileRef = EB9A066D2580A9954AEAC937 /* Pods_Moov_MoovUITests.framework */; };
		1D0F0DBF275901D3009D649E /* NetworkCore.framework in Copy Frameworks */ = {isa = PBXBuildFile; fileRef = 1D0F0DBE2759018A009D649E /* NetworkCore.framework */; settings = {ATTRIBUTES = (CodeSignOnCopy, RemoveHeadersOnCopy, ); }; };
		1D0F0DD82759395C009D649E /* SearchControl.swift in Sources */ = {isa = PBXBuildFile; fileRef = 1D0F0DD72759395C009D649E /* SearchControl.swift */; };
		1D198D49275B0BF400E05FAB /* NavigationControllerSpy.swift in Sources */ = {isa = PBXBuildFile; fileRef = 1D198D48275B0BF400E05FAB /* NavigationControllerSpy.swift */; };
		1D198D4B275B0E6F00E05FAB /* MovieListResponse+Fixture.swift in Sources */ = {isa = PBXBuildFile; fileRef = 1D198D4A275B0E6F00E05FAB /* MovieListResponse+Fixture.swift */; };
		1D198D4D275B0F2200E05FAB /* MovieResponse+Fixture.swift in Sources */ = {isa = PBXBuildFile; fileRef = 1D198D4C275B0F2200E05FAB /* MovieResponse+Fixture.swift */; };
		1D198D4F275B179500E05FAB /* MovieDetailsInteractorTests.swift in Sources */ = {isa = PBXBuildFile; fileRef = 1D198D4E275B179500E05FAB /* MovieDetailsInteractorTests.swift */; };
		1D1E5C122759A55D00D0F893 /* UIImageView+Extension.swift in Sources */ = {isa = PBXBuildFile; fileRef = 1D1E5C112759A55D00D0F893 /* UIImageView+Extension.swift */; };
		1DA8CEED2758155E00E6FD42 /* ViewConfiguration.swift in Sources */ = {isa = PBXBuildFile; fileRef = 1DA8CEEC2758155E00E6FD42 /* ViewConfiguration.swift */; };
		1DA8CEEF2758157A00E6FD42 /* Strings.swift in Sources */ = {isa = PBXBuildFile; fileRef = 1DA8CEEE2758157A00E6FD42 /* Strings.swift */; };
		1DA8CEF12758159C00E6FD42 /* LayoutDefaults.swift in Sources */ = {isa = PBXBuildFile; fileRef = 1DA8CEF02758159C00E6FD42 /* LayoutDefaults.swift */; };
		1DA8CEF32758163700E6FD42 /* ErrorView.swift in Sources */ = {isa = PBXBuildFile; fileRef = 1DA8CEF22758163700E6FD42 /* ErrorView.swift */; };
		1DA8CEF52758167700E6FD42 /* EmptyView.swift in Sources */ = {isa = PBXBuildFile; fileRef = 1DA8CEF42758167700E6FD42 /* EmptyView.swift */; };
		1DA8CEF827581CF400E6FD42 /* Localizable.strings in Resources */ = {isa = PBXBuildFile; fileRef = 1DA8CEFA27581CF400E6FD42 /* Localizable.strings */; };
		1DA8CFBD275840B100E6FD42 /* MovieViewHeader.swift in Sources */ = {isa = PBXBuildFile; fileRef = 1DA8CFBC275840B100E6FD42 /* MovieViewHeader.swift */; };
		1DA8CFBF275840CC00E6FD42 /* MovieViewCell.swift in Sources */ = {isa = PBXBuildFile; fileRef = 1DA8CFBE275840CC00E6FD42 /* MovieViewCell.swift */; };
		1DA8CFC527584F4D00E6FD42 /* CustomSearchController.swift in Sources */ = {isa = PBXBuildFile; fileRef = 1DA8CFC427584F4D00E6FD42 /* CustomSearchController.swift */; };
		1DA8CFC72758549600E6FD42 /* MovieListResponse.swift in Sources */ = {isa = PBXBuildFile; fileRef = 1DA8CFC62758549600E6FD42 /* MovieListResponse.swift */; };
		1DA8CFC9275854F200E6FD42 /* MovieResponse.swift in Sources */ = {isa = PBXBuildFile; fileRef = 1DA8CFC8275854F100E6FD42 /* MovieResponse.swift */; };
		1DA8CFCB2758560000E6FD42 /* MovieEndpoint.swift in Sources */ = {isa = PBXBuildFile; fileRef = 1DA8CFCA2758560000E6FD42 /* MovieEndpoint.swift */; };
		1DA8CFCD275859BD00E6FD42 /* MovieListService.swift in Sources */ = {isa = PBXBuildFile; fileRef = 1DA8CFCC275859BD00E6FD42 /* MovieListService.swift */; };
		1DA8CFCF2758627300E6FD42 /* MovieDetailsService.swift in Sources */ = {isa = PBXBuildFile; fileRef = 1DA8CFCE2758627300E6FD42 /* MovieDetailsService.swift */; };
		1DF3408E2757EC6700FC5F64 /* AppDelegate.swift in Sources */ = {isa = PBXBuildFile; fileRef = 1DF3408D2757EC6700FC5F64 /* AppDelegate.swift */; };
		1DF340902757EC6700FC5F64 /* SceneDelegate.swift in Sources */ = {isa = PBXBuildFile; fileRef = 1DF3408F2757EC6700FC5F64 /* SceneDelegate.swift */; };
		1DF3409A2757EC6A00FC5F64 /* Assets.xcassets in Resources */ = {isa = PBXBuildFile; fileRef = 1DF340992757EC6A00FC5F64 /* Assets.xcassets */; };
		1DF3409D2757EC6A00FC5F64 /* LaunchScreen.storyboard in Resources */ = {isa = PBXBuildFile; fileRef = 1DF3409B2757EC6A00FC5F64 /* LaunchScreen.storyboard */; };
		1DF340A82757EC6A00FC5F64 /* MovieListInteractorTests.swift in Sources */ = {isa = PBXBuildFile; fileRef = 1DF340A72757EC6A00FC5F64 /* MovieListInteractorTests.swift */; };
		1DF340B22757EC6A00FC5F64 /* MoovUITests.swift in Sources */ = {isa = PBXBuildFile; fileRef = 1DF340B12757EC6A00FC5F64 /* MoovUITests.swift */; };
		1DF340B42757EC6A00FC5F64 /* MoovUITestsLaunchTests.swift in Sources */ = {isa = PBXBuildFile; fileRef = 1DF340B32757EC6A00FC5F64 /* MoovUITestsLaunchTests.swift */; };
		1DF340C62757F11300FC5F64 /* MovieListViewController.swift in Sources */ = {isa = PBXBuildFile; fileRef = 1DF340C52757F11300FC5F64 /* MovieListViewController.swift */; };
		1DF340C82757F12200FC5F64 /* MovieListInteractor.swift in Sources */ = {isa = PBXBuildFile; fileRef = 1DF340C72757F12200FC5F64 /* MovieListInteractor.swift */; };
		1DF340CA2757F13A00FC5F64 /* MovieListPresenter.swift in Sources */ = {isa = PBXBuildFile; fileRef = 1DF340C92757F13A00FC5F64 /* MovieListPresenter.swift */; };
		1DF340CC2757F33400FC5F64 /* MovieDetailsViewController.swift in Sources */ = {isa = PBXBuildFile; fileRef = 1DF340CB2757F33400FC5F64 /* MovieDetailsViewController.swift */; };
		1DF340CE2757F34200FC5F64 /* MovieDetailsInteractor.swift in Sources */ = {isa = PBXBuildFile; fileRef = 1DF340CD2757F34200FC5F64 /* MovieDetailsInteractor.swift */; };
		1DF340D02757F34D00FC5F64 /* MovieDetailsPresenter.swift in Sources */ = {isa = PBXBuildFile; fileRef = 1DF340CF2757F34D00FC5F64 /* MovieDetailsPresenter.swift */; };
		1DF340D42757F50C00FC5F64 /* Coordinating.swift in Sources */ = {isa = PBXBuildFile; fileRef = 1DF340D32757F50C00FC5F64 /* Coordinating.swift */; };
		1DF340D62757F56100FC5F64 /* MainCoordinator.swift in Sources */ = {isa = PBXBuildFile; fileRef = 1DF340D52757F56100FC5F64 /* MainCoordinator.swift */; };
		1DF340D82757F5F600FC5F64 /* MovieListCoordinator.swift in Sources */ = {isa = PBXBuildFile; fileRef = 1DF340D72757F5F600FC5F64 /* MovieListCoordinator.swift */; };
		1DF340DA2757F64F00FC5F64 /* MovieListFactory.swift in Sources */ = {isa = PBXBuildFile; fileRef = 1DF340D92757F64F00FC5F64 /* MovieListFactory.swift */; };
		1DF340DC2757FCEC00FC5F64 /* MovieDetailsCoordinator.swift in Sources */ = {isa = PBXBuildFile; fileRef = 1DF340DB2757FCEC00FC5F64 /* MovieDetailsCoordinator.swift */; };
		1DF340DE2757FD1200FC5F64 /* MovieDetailsFactory.swift in Sources */ = {isa = PBXBuildFile; fileRef = 1DF340DD2757FD1200FC5F64 /* MovieDetailsFactory.swift */; };
		34D702A26B6E5C8F0C26165B /* Pods_Moov.framework in Frameworks */ = {isa = PBXBuildFile; fileRef = 15DC92836CCD015A7CA3165A /* Pods_Moov.framework */; };
/* End PBXBuildFile section */

/* Begin PBXContainerItemProxy section */
		1D0F0DBD2759018A009D649E /* PBXContainerItemProxy */ = {
			isa = PBXContainerItemProxy;
			containerPortal = 1D0F0DB92759018A009D649E /* NetworkCore.xcodeproj */;
			proxyType = 2;
			remoteGlobalIDString = 1D0F0DAC2759011D009D649E;
			remoteInfo = NetworkCore;
		};
		1D198D46275B098500E05FAB /* PBXContainerItemProxy */ = {
			isa = PBXContainerItemProxy;
			containerPortal = 1D0F0DB92759018A009D649E /* NetworkCore.xcodeproj */;
			proxyType = 2;
			remoteGlobalIDString = 1D198D3B275B01D400E05FAB;
			remoteInfo = NetworkCoreTests;
		};
		1DF340A42757EC6A00FC5F64 /* PBXContainerItemProxy */ = {
			isa = PBXContainerItemProxy;
			containerPortal = 1DF340822757EC6700FC5F64 /* Project object */;
			proxyType = 1;
			remoteGlobalIDString = 1DF340892757EC6700FC5F64;
			remoteInfo = Moov;
		};
		1DF340AE2757EC6A00FC5F64 /* PBXContainerItemProxy */ = {
			isa = PBXContainerItemProxy;
			containerPortal = 1DF340822757EC6700FC5F64 /* Project object */;
			proxyType = 1;
			remoteGlobalIDString = 1DF340892757EC6700FC5F64;
			remoteInfo = Moov;
		};
/* End PBXContainerItemProxy section */

/* Begin PBXCopyFilesBuildPhase section */
		1DE3138D2758F99B00038B51 /* Copy Frameworks */ = {
			isa = PBXCopyFilesBuildPhase;
			buildActionMask = 2147483647;
			dstPath = "";
			dstSubfolderSpec = 10;
			files = (
				1D0F0DBF275901D3009D649E /* NetworkCore.framework in Copy Frameworks */,
			);
			name = "Copy Frameworks";
			runOnlyForDeploymentPostprocessing = 0;
		};
/* End PBXCopyFilesBuildPhase section */

/* Begin PBXFileReference section */
		15DC92836CCD015A7CA3165A /* Pods_Moov.framework */ = {isa = PBXFileReference; explicitFileType = wrapper.framework; includeInIndex = 0; path = Pods_Moov.framework; sourceTree = BUILT_PRODUCTS_DIR; };
		1AE7A2245A4C0F73927257B9 /* Pods-MoovTests.release.xcconfig */ = {isa = PBXFileReference; includeInIndex = 1; lastKnownFileType = text.xcconfig; name = "Pods-MoovTests.release.xcconfig"; path = "Target Support Files/Pods-MoovTests/Pods-MoovTests.release.xcconfig"; sourceTree = "<group>"; };
		1D0F0DB92759018A009D649E /* NetworkCore.xcodeproj */ = {isa = PBXFileReference; lastKnownFileType = "wrapper.pb-project"; name = NetworkCore.xcodeproj; path = NetworkCore/NetworkCore.xcodeproj; sourceTree = "<group>"; };
		1D0F0DD72759395C009D649E /* SearchControl.swift */ = {isa = PBXFileReference; lastKnownFileType = sourcecode.swift; path = SearchControl.swift; sourceTree = "<group>"; };
		1D198D48275B0BF400E05FAB /* NavigationControllerSpy.swift */ = {isa = PBXFileReference; lastKnownFileType = sourcecode.swift; path = NavigationControllerSpy.swift; sourceTree = "<group>"; };
		1D198D4A275B0E6F00E05FAB /* MovieListResponse+Fixture.swift */ = {isa = PBXFileReference; lastKnownFileType = sourcecode.swift; path = "MovieListResponse+Fixture.swift"; sourceTree = "<group>"; };
		1D198D4C275B0F2200E05FAB /* MovieResponse+Fixture.swift */ = {isa = PBXFileReference; lastKnownFileType = sourcecode.swift; path = "MovieResponse+Fixture.swift"; sourceTree = "<group>"; };
		1D198D4E275B179500E05FAB /* MovieDetailsInteractorTests.swift */ = {isa = PBXFileReference; lastKnownFileType = sourcecode.swift; path = MovieDetailsInteractorTests.swift; sourceTree = "<group>"; };
		1D1E5C112759A55D00D0F893 /* UIImageView+Extension.swift */ = {isa = PBXFileReference; lastKnownFileType = sourcecode.swift; path = "UIImageView+Extension.swift"; sourceTree = "<group>"; };
		1DA8CEEC2758155E00E6FD42 /* ViewConfiguration.swift */ = {isa = PBXFileReference; lastKnownFileType = sourcecode.swift; path = ViewConfiguration.swift; sourceTree = "<group>"; };
		1DA8CEEE2758157A00E6FD42 /* Strings.swift */ = {isa = PBXFileReference; lastKnownFileType = sourcecode.swift; path = Strings.swift; sourceTree = "<group>"; };
		1DA8CEF02758159C00E6FD42 /* LayoutDefaults.swift */ = {isa = PBXFileReference; lastKnownFileType = sourcecode.swift; path = LayoutDefaults.swift; sourceTree = "<group>"; };
		1DA8CEF22758163700E6FD42 /* ErrorView.swift */ = {isa = PBXFileReference; lastKnownFileType = sourcecode.swift; path = ErrorView.swift; sourceTree = "<group>"; };
		1DA8CEF42758167700E6FD42 /* EmptyView.swift */ = {isa = PBXFileReference; lastKnownFileType = sourcecode.swift; path = EmptyView.swift; sourceTree = "<group>"; };
		1DA8CEF927581CF400E6FD42 /* en */ = {isa = PBXFileReference; lastKnownFileType = text.plist.strings; name = en; path = en.lproj/Localizable.strings; sourceTree = "<group>"; };
		1DA8CEFB27581FCF00E6FD42 /* pt-BR */ = {isa = PBXFileReference; lastKnownFileType = text.plist.strings; name = "pt-BR"; path = "pt-BR.lproj/LaunchScreen.strings"; sourceTree = "<group>"; };
		1DA8CEFC27581FCF00E6FD42 /* pt-BR */ = {isa = PBXFileReference; lastKnownFileType = text.plist.strings; name = "pt-BR"; path = "pt-BR.lproj/Localizable.strings"; sourceTree = "<group>"; };
		1DA8CFBC275840B100E6FD42 /* MovieViewHeader.swift */ = {isa = PBXFileReference; lastKnownFileType = sourcecode.swift; path = MovieViewHeader.swift; sourceTree = "<group>"; };
		1DA8CFBE275840CC00E6FD42 /* MovieViewCell.swift */ = {isa = PBXFileReference; lastKnownFileType = sourcecode.swift; path = MovieViewCell.swift; sourceTree = "<group>"; };
		1DA8CFC427584F4D00E6FD42 /* CustomSearchController.swift */ = {isa = PBXFileReference; lastKnownFileType = sourcecode.swift; path = CustomSearchController.swift; sourceTree = "<group>"; };
		1DA8CFC62758549600E6FD42 /* MovieListResponse.swift */ = {isa = PBXFileReference; lastKnownFileType = sourcecode.swift; path = MovieListResponse.swift; sourceTree = "<group>"; };
		1DA8CFC8275854F100E6FD42 /* MovieResponse.swift */ = {isa = PBXFileReference; lastKnownFileType = sourcecode.swift; path = MovieResponse.swift; sourceTree = "<group>"; };
		1DA8CFCA2758560000E6FD42 /* MovieEndpoint.swift */ = {isa = PBXFileReference; lastKnownFileType = sourcecode.swift; path = MovieEndpoint.swift; sourceTree = "<group>"; };
		1DA8CFCC275859BD00E6FD42 /* MovieListService.swift */ = {isa = PBXFileReference; lastKnownFileType = sourcecode.swift; path = MovieListService.swift; sourceTree = "<group>"; };
		1DA8CFCE2758627300E6FD42 /* MovieDetailsService.swift */ = {isa = PBXFileReference; lastKnownFileType = sourcecode.swift; path = MovieDetailsService.swift; sourceTree = "<group>"; };
		1DF3408A2757EC6700FC5F64 /* Moov.app */ = {isa = PBXFileReference; explicitFileType = wrapper.application; includeInIndex = 0; path = Moov.app; sourceTree = BUILT_PRODUCTS_DIR; };
		1DF3408D2757EC6700FC5F64 /* AppDelegate.swift */ = {isa = PBXFileReference; lastKnownFileType = sourcecode.swift; path = AppDelegate.swift; sourceTree = "<group>"; };
		1DF3408F2757EC6700FC5F64 /* SceneDelegate.swift */ = {isa = PBXFileReference; lastKnownFileType = sourcecode.swift; path = SceneDelegate.swift; sourceTree = "<group>"; };
		1DF340992757EC6A00FC5F64 /* Assets.xcassets */ = {isa = PBXFileReference; lastKnownFileType = folder.assetcatalog; path = Assets.xcassets; sourceTree = "<group>"; };
		1DF3409C2757EC6A00FC5F64 /* Base */ = {isa = PBXFileReference; lastKnownFileType = file.storyboard; name = Base; path = Base.lproj/LaunchScreen.storyboard; sourceTree = "<group>"; };
		1DF3409E2757EC6A00FC5F64 /* Info.plist */ = {isa = PBXFileReference; lastKnownFileType = text.plist.xml; path = Info.plist; sourceTree = "<group>"; };
		1DF340A32757EC6A00FC5F64 /* MoovTests.xctest */ = {isa = PBXFileReference; explicitFileType = wrapper.cfbundle; includeInIndex = 0; path = MoovTests.xctest; sourceTree = BUILT_PRODUCTS_DIR; };
		1DF340A72757EC6A00FC5F64 /* MovieListInteractorTests.swift */ = {isa = PBXFileReference; lastKnownFileType = sourcecode.swift; path = MovieListInteractorTests.swift; sourceTree = "<group>"; };
		1DF340AD2757EC6A00FC5F64 /* MoovUITests.xctest */ = {isa = PBXFileReference; explicitFileType = wrapper.cfbundle; includeInIndex = 0; path = MoovUITests.xctest; sourceTree = BUILT_PRODUCTS_DIR; };
		1DF340B12757EC6A00FC5F64 /* MoovUITests.swift */ = {isa = PBXFileReference; lastKnownFileType = sourcecode.swift; path = MoovUITests.swift; sourceTree = "<group>"; };
		1DF340B32757EC6A00FC5F64 /* MoovUITestsLaunchTests.swift */ = {isa = PBXFileReference; lastKnownFileType = sourcecode.swift; path = MoovUITestsLaunchTests.swift; sourceTree = "<group>"; };
		1DF340C52757F11300FC5F64 /* MovieListViewController.swift */ = {isa = PBXFileReference; lastKnownFileType = sourcecode.swift; path = MovieListViewController.swift; sourceTree = "<group>"; };
		1DF340C72757F12200FC5F64 /* MovieListInteractor.swift */ = {isa = PBXFileReference; lastKnownFileType = sourcecode.swift; path = MovieListInteractor.swift; sourceTree = "<group>"; };
		1DF340C92757F13A00FC5F64 /* MovieListPresenter.swift */ = {isa = PBXFileReference; lastKnownFileType = sourcecode.swift; path = MovieListPresenter.swift; sourceTree = "<group>"; };
		1DF340CB2757F33400FC5F64 /* MovieDetailsViewController.swift */ = {isa = PBXFileReference; lastKnownFileType = sourcecode.swift; path = MovieDetailsViewController.swift; sourceTree = "<group>"; };
		1DF340CD2757F34200FC5F64 /* MovieDetailsInteractor.swift */ = {isa = PBXFileReference; lastKnownFileType = sourcecode.swift; path = MovieDetailsInteractor.swift; sourceTree = "<group>"; };
		1DF340CF2757F34D00FC5F64 /* MovieDetailsPresenter.swift */ = {isa = PBXFileReference; lastKnownFileType = sourcecode.swift; path = MovieDetailsPresenter.swift; sourceTree = "<group>"; };
		1DF340D32757F50C00FC5F64 /* Coordinating.swift */ = {isa = PBXFileReference; lastKnownFileType = sourcecode.swift; path = Coordinating.swift; sourceTree = "<group>"; };
		1DF340D52757F56100FC5F64 /* MainCoordinator.swift */ = {isa = PBXFileReference; lastKnownFileType = sourcecode.swift; path = MainCoordinator.swift; sourceTree = "<group>"; };
		1DF340D72757F5F600FC5F64 /* MovieListCoordinator.swift */ = {isa = PBXFileReference; lastKnownFileType = sourcecode.swift; path = MovieListCoordinator.swift; sourceTree = "<group>"; };
		1DF340D92757F64F00FC5F64 /* MovieListFactory.swift */ = {isa = PBXFileReference; lastKnownFileType = sourcecode.swift; path = MovieListFactory.swift; sourceTree = "<group>"; };
		1DF340DB2757FCEC00FC5F64 /* MovieDetailsCoordinator.swift */ = {isa = PBXFileReference; lastKnownFileType = sourcecode.swift; path = MovieDetailsCoordinator.swift; sourceTree = "<group>"; };
		1DF340DD2757FD1200FC5F64 /* MovieDetailsFactory.swift */ = {isa = PBXFileReference; lastKnownFileType = sourcecode.swift; path = MovieDetailsFactory.swift; sourceTree = "<group>"; };
		499856166063B00CF1F26D22 /* Pods-Moov.release.xcconfig */ = {isa = PBXFileReference; includeInIndex = 1; lastKnownFileType = text.xcconfig; name = "Pods-Moov.release.xcconfig"; path = "Target Support Files/Pods-Moov/Pods-Moov.release.xcconfig"; sourceTree = "<group>"; };
		57A422ECFDD4835D5A011EBF /* Pods-Moov.debug.xcconfig */ = {isa = PBXFileReference; includeInIndex = 1; lastKnownFileType = text.xcconfig; name = "Pods-Moov.debug.xcconfig"; path = "Target Support Files/Pods-Moov/Pods-Moov.debug.xcconfig"; sourceTree = "<group>"; };
		6FFB05A812B5B51E1686FF19 /* Pods-Moov-MoovUITests.release.xcconfig */ = {isa = PBXFileReference; includeInIndex = 1; lastKnownFileType = text.xcconfig; name = "Pods-Moov-MoovUITests.release.xcconfig"; path = "Target Support Files/Pods-Moov-MoovUITests/Pods-Moov-MoovUITests.release.xcconfig"; sourceTree = "<group>"; };
		841863F8833C02414C1801AF /* Pods_MoovTests.framework */ = {isa = PBXFileReference; explicitFileType = wrapper.framework; includeInIndex = 0; path = Pods_MoovTests.framework; sourceTree = BUILT_PRODUCTS_DIR; };
		A8AC4F0DCC4ED532513CBF75 /* Pods-MoovTests.debug.xcconfig */ = {isa = PBXFileReference; includeInIndex = 1; lastKnownFileType = text.xcconfig; name = "Pods-MoovTests.debug.xcconfig"; path = "Target Support Files/Pods-MoovTests/Pods-MoovTests.debug.xcconfig"; sourceTree = "<group>"; };
		CDF3D3A4A9F2E5005B9D11E4 /* Pods-Moov-MoovUITests.debug.xcconfig */ = {isa = PBXFileReference; includeInIndex = 1; lastKnownFileType = text.xcconfig; name = "Pods-Moov-MoovUITests.debug.xcconfig"; path = "Target Support Files/Pods-Moov-MoovUITests/Pods-Moov-MoovUITests.debug.xcconfig"; sourceTree = "<group>"; };
		EB9A066D2580A9954AEAC937 /* Pods_Moov_MoovUITests.framework */ = {isa = PBXFileReference; explicitFileType = wrapper.framework; includeInIndex = 0; path = Pods_Moov_MoovUITests.framework; sourceTree = BUILT_PRODUCTS_DIR; };
/* End PBXFileReference section */

/* Begin PBXFrameworksBuildPhase section */
		1DF340872757EC6700FC5F64 /* Frameworks */ = {
			isa = PBXFrameworksBuildPhase;
			buildActionMask = 2147483647;
			files = (
				34D702A26B6E5C8F0C26165B /* Pods_Moov.framework in Frameworks */,
			);
			runOnlyForDeploymentPostprocessing = 0;
		};
		1DF340A02757EC6A00FC5F64 /* Frameworks */ = {
			isa = PBXFrameworksBuildPhase;
			buildActionMask = 2147483647;
			files = (
				0B3BEA58B0BCB63B8E0B866E /* Pods_MoovTests.framework in Frameworks */,
			);
			runOnlyForDeploymentPostprocessing = 0;
		};
		1DF340AA2757EC6A00FC5F64 /* Frameworks */ = {
			isa = PBXFrameworksBuildPhase;
			buildActionMask = 2147483647;
			files = (
				149307419309492D654B435C /* Pods_Moov_MoovUITests.framework in Frameworks */,
			);
			runOnlyForDeploymentPostprocessing = 0;
		};
/* End PBXFrameworksBuildPhase section */

/* Begin PBXGroup section */
		1D0F0DB827590144009D649E /* Dependencies */ = {
			isa = PBXGroup;
			children = (
				1D0F0DB92759018A009D649E /* NetworkCore.xcodeproj */,
			);
			name = Dependencies;
			sourceTree = "<group>";
		};
		1D0F0DBA2759018A009D649E /* Products */ = {
			isa = PBXGroup;
			children = (
				1D0F0DBE2759018A009D649E /* NetworkCore.framework */,
				1D198D47275B098500E05FAB /* NetworkCoreTests.xctest */,
			);
			name = Products;
			sourceTree = "<group>";
		};
		1DA8CF152758255000E6FD42 /* Layout */ = {
			isa = PBXGroup;
			children = (
				1DA8D076275872A900E6FD42 /* Views */,
				1DA8CEFA27581CF400E6FD42 /* Localizable.strings */,
				1DA8CEEE2758157A00E6FD42 /* Strings.swift */,
				1DA8CEEC2758155E00E6FD42 /* ViewConfiguration.swift */,
				1DA8CEF02758159C00E6FD42 /* LayoutDefaults.swift */,
				1D0F0DD72759395C009D649E /* SearchControl.swift */,
				1D1E5C112759A55D00D0F893 /* UIImageView+Extension.swift */,
			);
			path = Layout;
			sourceTree = "<group>";
		};
		1DA8D0742758714D00E6FD42 /* Movie */ = {
			isa = PBXGroup;
			children = (
				1DA8CFCA2758560000E6FD42 /* MovieEndpoint.swift */,
				1DA8CFC8275854F100E6FD42 /* MovieResponse.swift */,
				1DA8CFC62758549600E6FD42 /* MovieListResponse.swift */,
				1DF340C32757F0CA00FC5F64 /* MovieList */,
				1DF340C42757F0D200FC5F64 /* MovieDetails */,
			);
			path = Movie;
			sourceTree = "<group>";
		};
		1DA8D0752758725900E6FD42 /* Views */ = {
			isa = PBXGroup;
			children = (
				1DA8CFBC275840B100E6FD42 /* MovieViewHeader.swift */,
				1DA8CFBE275840CC00E6FD42 /* MovieViewCell.swift */,
			);
			path = Views;
			sourceTree = "<group>";
		};
		1DA8D076275872A900E6FD42 /* Views */ = {
			isa = PBXGroup;
			children = (
				1DA8CFC427584F4D00E6FD42 /* CustomSearchController.swift */,
				1DA8CEF22758163700E6FD42 /* ErrorView.swift */,
				1DA8CEF42758167700E6FD42 /* EmptyView.swift */,
			);
			path = Views;
			sourceTree = "<group>";
		};
		1DF340812757EC6700FC5F64 = {
			isa = PBXGroup;
			children = (
				1D0F0DB827590144009D649E /* Dependencies */,
				1DF3408C2757EC6700FC5F64 /* Moov */,
				1DF340A62757EC6A00FC5F64 /* MoovTests */,
				1DF340B02757EC6A00FC5F64 /* MoovUITests */,
				1DF3408B2757EC6700FC5F64 /* Products */,
				8728129F33E04920C8C37CD0 /* Pods */,
				4AD64BE5BCB96E5123E51F73 /* Frameworks */,
			);
			sourceTree = "<group>";
		};
		1DF3408B2757EC6700FC5F64 /* Products */ = {
			isa = PBXGroup;
			children = (
				1DF3408A2757EC6700FC5F64 /* Moov.app */,
				1DF340A32757EC6A00FC5F64 /* MoovTests.xctest */,
				1DF340AD2757EC6A00FC5F64 /* MoovUITests.xctest */,
			);
			name = Products;
			sourceTree = "<group>";
		};
		1DF3408C2757EC6700FC5F64 /* Moov */ = {
			isa = PBXGroup;
			children = (
				1DF340C22757EE1900FC5F64 /* AppConfiguration */,
				1DF340C12757EE1200FC5F64 /* Scenes */,
				1DF340C02757EE0B00FC5F64 /* Common */,
				1DF340992757EC6A00FC5F64 /* Assets.xcassets */,
				1DF3409E2757EC6A00FC5F64 /* Info.plist */,
			);
			path = Moov;
			sourceTree = "<group>";
		};
		1DF340A62757EC6A00FC5F64 /* MoovTests */ = {
			isa = PBXGroup;
			children = (
				1DF340A72757EC6A00FC5F64 /* MovieListInteractorTests.swift */,
				1D198D48275B0BF400E05FAB /* NavigationControllerSpy.swift */,
				1D198D4A275B0E6F00E05FAB /* MovieListResponse+Fixture.swift */,
				1D198D4C275B0F2200E05FAB /* MovieResponse+Fixture.swift */,
				1D198D4E275B179500E05FAB /* MovieDetailsInteractorTests.swift */,
			);
			path = MoovTests;
			sourceTree = "<group>";
		};
		1DF340B02757EC6A00FC5F64 /* MoovUITests */ = {
			isa = PBXGroup;
			children = (
				1DF340B12757EC6A00FC5F64 /* MoovUITests.swift */,
				1DF340B32757EC6A00FC5F64 /* MoovUITestsLaunchTests.swift */,
			);
			path = MoovUITests;
			sourceTree = "<group>";
		};
		1DF340C02757EE0B00FC5F64 /* Common */ = {
			isa = PBXGroup;
			children = (
				1DA8CF152758255000E6FD42 /* Layout */,
			);
			path = Common;
			sourceTree = "<group>";
		};
		1DF340C12757EE1200FC5F64 /* Scenes */ = {
			isa = PBXGroup;
			children = (
				1DA8D0742758714D00E6FD42 /* Movie */,
			);
			path = Scenes;
			sourceTree = "<group>";
		};
		1DF340C22757EE1900FC5F64 /* AppConfiguration */ = {
			isa = PBXGroup;
			children = (
				1DF340D32757F50C00FC5F64 /* Coordinating.swift */,
				1DF3408D2757EC6700FC5F64 /* AppDelegate.swift */,
				1DF3408F2757EC6700FC5F64 /* SceneDelegate.swift */,
				1DF340D52757F56100FC5F64 /* MainCoordinator.swift */,
				1DF3409B2757EC6A00FC5F64 /* LaunchScreen.storyboard */,
			);
			path = AppConfiguration;
			sourceTree = "<group>";
		};
		1DF340C32757F0CA00FC5F64 /* MovieList */ = {
			isa = PBXGroup;
			children = (
				1DA8D0752758725900E6FD42 /* Views */,
				1DF340C52757F11300FC5F64 /* MovieListViewController.swift */,
				1DF340C72757F12200FC5F64 /* MovieListInteractor.swift */,
				1DF340C92757F13A00FC5F64 /* MovieListPresenter.swift */,
				1DF340D72757F5F600FC5F64 /* MovieListCoordinator.swift */,
				1DF340D92757F64F00FC5F64 /* MovieListFactory.swift */,
				1DA8CFCC275859BD00E6FD42 /* MovieListService.swift */,
			);
			path = MovieList;
			sourceTree = "<group>";
		};
		1DF340C42757F0D200FC5F64 /* MovieDetails */ = {
			isa = PBXGroup;
			children = (
				1DF340CB2757F33400FC5F64 /* MovieDetailsViewController.swift */,
				1DF340CD2757F34200FC5F64 /* MovieDetailsInteractor.swift */,
				1DF340CF2757F34D00FC5F64 /* MovieDetailsPresenter.swift */,
				1DF340DB2757FCEC00FC5F64 /* MovieDetailsCoordinator.swift */,
				1DF340DD2757FD1200FC5F64 /* MovieDetailsFactory.swift */,
				1DA8CFCE2758627300E6FD42 /* MovieDetailsService.swift */,
			);
			path = MovieDetails;
			sourceTree = "<group>";
		};
		4AD64BE5BCB96E5123E51F73 /* Frameworks */ = {
			isa = PBXGroup;
			children = (
				15DC92836CCD015A7CA3165A /* Pods_Moov.framework */,
				EB9A066D2580A9954AEAC937 /* Pods_Moov_MoovUITests.framework */,
				841863F8833C02414C1801AF /* Pods_MoovTests.framework */,
			);
			name = Frameworks;
			sourceTree = "<group>";
		};
		8728129F33E04920C8C37CD0 /* Pods */ = {
			isa = PBXGroup;
			children = (
				57A422ECFDD4835D5A011EBF /* Pods-Moov.debug.xcconfig */,
				499856166063B00CF1F26D22 /* Pods-Moov.release.xcconfig */,
				CDF3D3A4A9F2E5005B9D11E4 /* Pods-Moov-MoovUITests.debug.xcconfig */,
				6FFB05A812B5B51E1686FF19 /* Pods-Moov-MoovUITests.release.xcconfig */,
				A8AC4F0DCC4ED532513CBF75 /* Pods-MoovTests.debug.xcconfig */,
				1AE7A2245A4C0F73927257B9 /* Pods-MoovTests.release.xcconfig */,
			);
			path = Pods;
			sourceTree = "<group>";
		};
/* End PBXGroup section */

/* Begin PBXNativeTarget section */
		1DF340892757EC6700FC5F64 /* Moov */ = {
			isa = PBXNativeTarget;
			buildConfigurationList = 1DF340B72757EC6A00FC5F64 /* Build configuration list for PBXNativeTarget "Moov" */;
			buildPhases = (
				F6B995E4EE01C60D7A27AF72 /* [CP] Check Pods Manifest.lock */,
				1DF340862757EC6700FC5F64 /* Sources */,
				1DF340872757EC6700FC5F64 /* Frameworks */,
				1DF340882757EC6700FC5F64 /* Resources */,
				1DE3138D2758F99B00038B51 /* Copy Frameworks */,
			);
			buildRules = (
			);
			dependencies = (
			);
			name = Moov;
			productName = Moov;
			productReference = 1DF3408A2757EC6700FC5F64 /* Moov.app */;
			productType = "com.apple.product-type.application";
		};
		1DF340A22757EC6A00FC5F64 /* MoovTests */ = {
			isa = PBXNativeTarget;
			buildConfigurationList = 1DF340BA2757EC6A00FC5F64 /* Build configuration list for PBXNativeTarget "MoovTests" */;
			buildPhases = (
				6962D43C60E4FB589A711B0A /* [CP] Check Pods Manifest.lock */,
				1DF3409F2757EC6A00FC5F64 /* Sources */,
				1DF340A02757EC6A00FC5F64 /* Frameworks */,
				1DF340A12757EC6A00FC5F64 /* Resources */,
			);
			buildRules = (
			);
			dependencies = (
				1DF340A52757EC6A00FC5F64 /* PBXTargetDependency */,
			);
			name = MoovTests;
			productName = MoovTests;
			productReference = 1DF340A32757EC6A00FC5F64 /* MoovTests.xctest */;
			productType = "com.apple.product-type.bundle.unit-test";
		};
		1DF340AC2757EC6A00FC5F64 /* MoovUITests */ = {
			isa = PBXNativeTarget;
			buildConfigurationList = 1DF340BD2757EC6A00FC5F64 /* Build configuration list for PBXNativeTarget "MoovUITests" */;
			buildPhases = (
				866E99F80DA41519C25E541A /* [CP] Check Pods Manifest.lock */,
				1DF340A92757EC6A00FC5F64 /* Sources */,
				1DF340AA2757EC6A00FC5F64 /* Frameworks */,
				1DF340AB2757EC6A00FC5F64 /* Resources */,
			);
			buildRules = (
			);
			dependencies = (
				1DF340AF2757EC6A00FC5F64 /* PBXTargetDependency */,
			);
			name = MoovUITests;
			productName = MoovUITests;
			productReference = 1DF340AD2757EC6A00FC5F64 /* MoovUITests.xctest */;
			productType = "com.apple.product-type.bundle.ui-testing";
		};
/* End PBXNativeTarget section */

/* Begin PBXProject section */
		1DF340822757EC6700FC5F64 /* Project object */ = {
			isa = PBXProject;
			attributes = {
				BuildIndependentTargetsInParallel = 1;
				LastSwiftUpdateCheck = 1300;
				LastUpgradeCheck = 1300;
				TargetAttributes = {
					1DF340892757EC6700FC5F64 = {
						CreatedOnToolsVersion = 13.0;
					};
					1DF340A22757EC6A00FC5F64 = {
						CreatedOnToolsVersion = 13.0;
						TestTargetID = 1DF340892757EC6700FC5F64;
					};
					1DF340AC2757EC6A00FC5F64 = {
						CreatedOnToolsVersion = 13.0;
						TestTargetID = 1DF340892757EC6700FC5F64;
					};
				};
			};
			buildConfigurationList = 1DF340852757EC6700FC5F64 /* Build configuration list for PBXProject "Moov" */;
			compatibilityVersion = "Xcode 13.0";
			developmentRegion = en;
			hasScannedForEncodings = 0;
			knownRegions = (
				en,
				Base,
				"pt-BR",
			);
			mainGroup = 1DF340812757EC6700FC5F64;
			productRefGroup = 1DF3408B2757EC6700FC5F64 /* Products */;
			projectDirPath = "";
			projectReferences = (
				{
					ProductGroup = 1D0F0DBA2759018A009D649E /* Products */;
					ProjectRef = 1D0F0DB92759018A009D649E /* NetworkCore.xcodeproj */;
				},
			);
			projectRoot = "";
			targets = (
				1DF340892757EC6700FC5F64 /* Moov */,
				1DF340A22757EC6A00FC5F64 /* MoovTests */,
				1DF340AC2757EC6A00FC5F64 /* MoovUITests */,
			);
		};
/* End PBXProject section */

/* Begin PBXReferenceProxy section */
		1D0F0DBE2759018A009D649E /* NetworkCore.framework */ = {
			isa = PBXReferenceProxy;
			fileType = wrapper.framework;
			path = NetworkCore.framework;
			remoteRef = 1D0F0DBD2759018A009D649E /* PBXContainerItemProxy */;
			sourceTree = BUILT_PRODUCTS_DIR;
		};
		1D198D47275B098500E05FAB /* NetworkCoreTests.xctest */ = {
			isa = PBXReferenceProxy;
			fileType = wrapper.cfbundle;
			path = NetworkCoreTests.xctest;
			remoteRef = 1D198D46275B098500E05FAB /* PBXContainerItemProxy */;
			sourceTree = BUILT_PRODUCTS_DIR;
		};
/* End PBXReferenceProxy section */

/* Begin PBXResourcesBuildPhase section */
		1DF340882757EC6700FC5F64 /* Resources */ = {
			isa = PBXResourcesBuildPhase;
			buildActionMask = 2147483647;
			files = (
				1DF3409D2757EC6A00FC5F64 /* LaunchScreen.storyboard in Resources */,
				1DA8CEF827581CF400E6FD42 /* Localizable.strings in Resources */,
				1DF3409A2757EC6A00FC5F64 /* Assets.xcassets in Resources */,
			);
			runOnlyForDeploymentPostprocessing = 0;
		};
		1DF340A12757EC6A00FC5F64 /* Resources */ = {
			isa = PBXResourcesBuildPhase;
			buildActionMask = 2147483647;
			files = (
			);
			runOnlyForDeploymentPostprocessing = 0;
		};
		1DF340AB2757EC6A00FC5F64 /* Resources */ = {
			isa = PBXResourcesBuildPhase;
			buildActionMask = 2147483647;
			files = (
			);
			runOnlyForDeploymentPostprocessing = 0;
		};
/* End PBXResourcesBuildPhase section */

/* Begin PBXShellScriptBuildPhase section */
		6962D43C60E4FB589A711B0A /* [CP] Check Pods Manifest.lock */ = {
			isa = PBXShellScriptBuildPhase;
			buildActionMask = 2147483647;
			files = (
			);
			inputFileListPaths = (
			);
			inputPaths = (
				"${PODS_PODFILE_DIR_PATH}/Podfile.lock",
				"${PODS_ROOT}/Manifest.lock",
			);
			name = "[CP] Check Pods Manifest.lock";
			outputFileListPaths = (
			);
			outputPaths = (
				"$(DERIVED_FILE_DIR)/Pods-MoovTests-checkManifestLockResult.txt",
			);
			runOnlyForDeploymentPostprocessing = 0;
			shellPath = /bin/sh;
			shellScript = "diff \"${PODS_PODFILE_DIR_PATH}/Podfile.lock\" \"${PODS_ROOT}/Manifest.lock\" > /dev/null\nif [ $? != 0 ] ; then\n    # print error to STDERR\n    echo \"error: The sandbox is not in sync with the Podfile.lock. Run 'pod install' or update your CocoaPods installation.\" >&2\n    exit 1\nfi\n# This output is used by Xcode 'outputs' to avoid re-running this script phase.\necho \"SUCCESS\" > \"${SCRIPT_OUTPUT_FILE_0}\"\n";
			showEnvVarsInLog = 0;
		};
		866E99F80DA41519C25E541A /* [CP] Check Pods Manifest.lock */ = {
			isa = PBXShellScriptBuildPhase;
			buildActionMask = 2147483647;
			files = (
			);
			inputFileListPaths = (
			);
			inputPaths = (
				"${PODS_PODFILE_DIR_PATH}/Podfile.lock",
				"${PODS_ROOT}/Manifest.lock",
			);
			name = "[CP] Check Pods Manifest.lock";
			outputFileListPaths = (
			);
			outputPaths = (
				"$(DERIVED_FILE_DIR)/Pods-Moov-MoovUITests-checkManifestLockResult.txt",
			);
			runOnlyForDeploymentPostprocessing = 0;
			shellPath = /bin/sh;
			shellScript = "diff \"${PODS_PODFILE_DIR_PATH}/Podfile.lock\" \"${PODS_ROOT}/Manifest.lock\" > /dev/null\nif [ $? != 0 ] ; then\n    # print error to STDERR\n    echo \"error: The sandbox is not in sync with the Podfile.lock. Run 'pod install' or update your CocoaPods installation.\" >&2\n    exit 1\nfi\n# This output is used by Xcode 'outputs' to avoid re-running this script phase.\necho \"SUCCESS\" > \"${SCRIPT_OUTPUT_FILE_0}\"\n";
			showEnvVarsInLog = 0;
		};
		F6B995E4EE01C60D7A27AF72 /* [CP] Check Pods Manifest.lock */ = {
			isa = PBXShellScriptBuildPhase;
			buildActionMask = 2147483647;
			files = (
			);
			inputFileListPaths = (
			);
			inputPaths = (
				"${PODS_PODFILE_DIR_PATH}/Podfile.lock",
				"${PODS_ROOT}/Manifest.lock",
			);
			name = "[CP] Check Pods Manifest.lock";
			outputFileListPaths = (
			);
			outputPaths = (
				"$(DERIVED_FILE_DIR)/Pods-Moov-checkManifestLockResult.txt",
			);
			runOnlyForDeploymentPostprocessing = 0;
			shellPath = /bin/sh;
			shellScript = "diff \"${PODS_PODFILE_DIR_PATH}/Podfile.lock\" \"${PODS_ROOT}/Manifest.lock\" > /dev/null\nif [ $? != 0 ] ; then\n    # print error to STDERR\n    echo \"error: The sandbox is not in sync with the Podfile.lock. Run 'pod install' or update your CocoaPods installation.\" >&2\n    exit 1\nfi\n# This output is used by Xcode 'outputs' to avoid re-running this script phase.\necho \"SUCCESS\" > \"${SCRIPT_OUTPUT_FILE_0}\"\n";
			showEnvVarsInLog = 0;
		};
/* End PBXShellScriptBuildPhase section */

/* Begin PBXSourcesBuildPhase section */
		1DF340862757EC6700FC5F64 /* Sources */ = {
			isa = PBXSourcesBuildPhase;
			buildActionMask = 2147483647;
			files = (
				1DF340DC2757FCEC00FC5F64 /* MovieDetailsCoordinator.swift in Sources */,
				1DA8CFC9275854F200E6FD42 /* MovieResponse.swift in Sources */,
				1DF340CE2757F34200FC5F64 /* MovieDetailsInteractor.swift in Sources */,
				1DA8CFCD275859BD00E6FD42 /* MovieListService.swift in Sources */,
				1DA8CEF32758163700E6FD42 /* ErrorView.swift in Sources */,
				1DA8CFBF275840CC00E6FD42 /* MovieViewCell.swift in Sources */,
				1DF3408E2757EC6700FC5F64 /* AppDelegate.swift in Sources */,
				1DF340D42757F50C00FC5F64 /* Coordinating.swift in Sources */,
				1DF340CA2757F13A00FC5F64 /* MovieListPresenter.swift in Sources */,
				1DA8CEED2758155E00E6FD42 /* ViewConfiguration.swift in Sources */,
				1DA8CFC72758549600E6FD42 /* MovieListResponse.swift in Sources */,
				1DF340DE2757FD1200FC5F64 /* MovieDetailsFactory.swift in Sources */,
				1DF340D82757F5F600FC5F64 /* MovieListCoordinator.swift in Sources */,
				1D0F0DD82759395C009D649E /* SearchControl.swift in Sources */,
				1D1E5C122759A55D00D0F893 /* UIImageView+Extension.swift in Sources */,
				1DF340D62757F56100FC5F64 /* MainCoordinator.swift in Sources */,
				1DF340CC2757F33400FC5F64 /* MovieDetailsViewController.swift in Sources */,
				1DA8CFCF2758627300E6FD42 /* MovieDetailsService.swift in Sources */,
				1DA8CFBD275840B100E6FD42 /* MovieViewHeader.swift in Sources */,
				1DF340C82757F12200FC5F64 /* MovieListInteractor.swift in Sources */,
				1DA8CEEF2758157A00E6FD42 /* Strings.swift in Sources */,
				1DF340902757EC6700FC5F64 /* SceneDelegate.swift in Sources */,
				1DF340C62757F11300FC5F64 /* MovieListViewController.swift in Sources */,
				1DA8CEF52758167700E6FD42 /* EmptyView.swift in Sources */,
				1DF340D02757F34D00FC5F64 /* MovieDetailsPresenter.swift in Sources */,
				1DF340DA2757F64F00FC5F64 /* MovieListFactory.swift in Sources */,
				1DA8CEF12758159C00E6FD42 /* LayoutDefaults.swift in Sources */,
				1DA8CFC527584F4D00E6FD42 /* CustomSearchController.swift in Sources */,
				1DA8CFCB2758560000E6FD42 /* MovieEndpoint.swift in Sources */,
			);
			runOnlyForDeploymentPostprocessing = 0;
		};
		1DF3409F2757EC6A00FC5F64 /* Sources */ = {
			isa = PBXSourcesBuildPhase;
			buildActionMask = 2147483647;
			files = (
				1D198D49275B0BF400E05FAB /* NavigationControllerSpy.swift in Sources */,
				1D198D4F275B179500E05FAB /* MovieDetailsInteractorTests.swift in Sources */,
				1DF340A82757EC6A00FC5F64 /* MovieListInteractorTests.swift in Sources */,
				1D198D4B275B0E6F00E05FAB /* MovieListResponse+Fixture.swift in Sources */,
				1D198D4D275B0F2200E05FAB /* MovieResponse+Fixture.swift in Sources */,
			);
			runOnlyForDeploymentPostprocessing = 0;
		};
		1DF340A92757EC6A00FC5F64 /* Sources */ = {
			isa = PBXSourcesBuildPhase;
			buildActionMask = 2147483647;
			files = (
				1DF340B22757EC6A00FC5F64 /* MoovUITests.swift in Sources */,
				1DF340B42757EC6A00FC5F64 /* MoovUITestsLaunchTests.swift in Sources */,
			);
			runOnlyForDeploymentPostprocessing = 0;
		};
/* End PBXSourcesBuildPhase section */

/* Begin PBXTargetDependency section */
		1DF340A52757EC6A00FC5F64 /* PBXTargetDependency */ = {
			isa = PBXTargetDependency;
			target = 1DF340892757EC6700FC5F64 /* Moov */;
			targetProxy = 1DF340A42757EC6A00FC5F64 /* PBXContainerItemProxy */;
		};
		1DF340AF2757EC6A00FC5F64 /* PBXTargetDependency */ = {
			isa = PBXTargetDependency;
			target = 1DF340892757EC6700FC5F64 /* Moov */;
			targetProxy = 1DF340AE2757EC6A00FC5F64 /* PBXContainerItemProxy */;
		};
/* End PBXTargetDependency section */

/* Begin PBXVariantGroup section */
		1DA8CEFA27581CF400E6FD42 /* Localizable.strings */ = {
			isa = PBXVariantGroup;
			children = (
				1DA8CEF927581CF400E6FD42 /* en */,
				1DA8CEFC27581FCF00E6FD42 /* pt-BR */,
			);
			name = Localizable.strings;
			sourceTree = "<group>";
		};
		1DF3409B2757EC6A00FC5F64 /* LaunchScreen.storyboard */ = {
			isa = PBXVariantGroup;
			children = (
				1DF3409C2757EC6A00FC5F64 /* Base */,
				1DA8CEFB27581FCF00E6FD42 /* pt-BR */,
			);
			name = LaunchScreen.storyboard;
			sourceTree = "<group>";
		};
/* End PBXVariantGroup section */

/* Begin XCBuildConfiguration section */
		1DF340B52757EC6A00FC5F64 /* Debug */ = {
			isa = XCBuildConfiguration;
			buildSettings = {
				ALWAYS_SEARCH_USER_PATHS = NO;
				CLANG_ANALYZER_LOCALIZABILITY_NONLOCALIZED = YES;
				CLANG_ANALYZER_NONNULL = YES;
				CLANG_ANALYZER_NUMBER_OBJECT_CONVERSION = YES_AGGRESSIVE;
				CLANG_CXX_LANGUAGE_STANDARD = "gnu++17";
				CLANG_CXX_LIBRARY = "libc++";
				CLANG_ENABLE_MODULES = YES;
				CLANG_ENABLE_OBJC_ARC = YES;
				CLANG_ENABLE_OBJC_WEAK = YES;
				CLANG_WARN_BLOCK_CAPTURE_AUTORELEASING = YES;
				CLANG_WARN_BOOL_CONVERSION = YES;
				CLANG_WARN_COMMA = YES;
				CLANG_WARN_CONSTANT_CONVERSION = YES;
				CLANG_WARN_DEPRECATED_OBJC_IMPLEMENTATIONS = YES;
				CLANG_WARN_DIRECT_OBJC_ISA_USAGE = YES_ERROR;
				CLANG_WARN_DOCUMENTATION_COMMENTS = YES;
				CLANG_WARN_EMPTY_BODY = YES;
				CLANG_WARN_ENUM_CONVERSION = YES;
				CLANG_WARN_INFINITE_RECURSION = YES;
				CLANG_WARN_INT_CONVERSION = YES;
				CLANG_WARN_NON_LITERAL_NULL_CONVERSION = YES;
				CLANG_WARN_OBJC_IMPLICIT_RETAIN_SELF = YES;
				CLANG_WARN_OBJC_LITERAL_CONVERSION = YES;
				CLANG_WARN_OBJC_ROOT_CLASS = YES_ERROR;
				CLANG_WARN_QUOTED_INCLUDE_IN_FRAMEWORK_HEADER = YES;
				CLANG_WARN_RANGE_LOOP_ANALYSIS = YES;
				CLANG_WARN_STRICT_PROTOTYPES = YES;
				CLANG_WARN_SUSPICIOUS_MOVE = YES;
				CLANG_WARN_UNGUARDED_AVAILABILITY = YES_AGGRESSIVE;
				CLANG_WARN_UNREACHABLE_CODE = YES;
				CLANG_WARN__DUPLICATE_METHOD_MATCH = YES;
				COPY_PHASE_STRIP = NO;
				DEBUG_INFORMATION_FORMAT = dwarf;
				ENABLE_STRICT_OBJC_MSGSEND = YES;
				ENABLE_TESTABILITY = YES;
				GCC_C_LANGUAGE_STANDARD = gnu11;
				GCC_DYNAMIC_NO_PIC = NO;
				GCC_NO_COMMON_BLOCKS = YES;
				GCC_OPTIMIZATION_LEVEL = 0;
				GCC_PREPROCESSOR_DEFINITIONS = (
					"DEBUG=1",
					"$(inherited)",
				);
				GCC_WARN_64_TO_32_BIT_CONVERSION = YES;
				GCC_WARN_ABOUT_RETURN_TYPE = YES_ERROR;
				GCC_WARN_UNDECLARED_SELECTOR = YES;
				GCC_WARN_UNINITIALIZED_AUTOS = YES_AGGRESSIVE;
				GCC_WARN_UNUSED_FUNCTION = YES;
				GCC_WARN_UNUSED_VARIABLE = YES;
				IPHONEOS_DEPLOYMENT_TARGET = 15.0;
				MTL_ENABLE_DEBUG_INFO = INCLUDE_SOURCE;
				MTL_FAST_MATH = YES;
				ONLY_ACTIVE_ARCH = YES;
				SDKROOT = iphoneos;
				SWIFT_ACTIVE_COMPILATION_CONDITIONS = DEBUG;
				SWIFT_OPTIMIZATION_LEVEL = "-Onone";
			};
			name = Debug;
		};
		1DF340B62757EC6A00FC5F64 /* Release */ = {
			isa = XCBuildConfiguration;
			buildSettings = {
				ALWAYS_SEARCH_USER_PATHS = NO;
				CLANG_ANALYZER_LOCALIZABILITY_NONLOCALIZED = YES;
				CLANG_ANALYZER_NONNULL = YES;
				CLANG_ANALYZER_NUMBER_OBJECT_CONVERSION = YES_AGGRESSIVE;
				CLANG_CXX_LANGUAGE_STANDARD = "gnu++17";
				CLANG_CXX_LIBRARY = "libc++";
				CLANG_ENABLE_MODULES = YES;
				CLANG_ENABLE_OBJC_ARC = YES;
				CLANG_ENABLE_OBJC_WEAK = YES;
				CLANG_WARN_BLOCK_CAPTURE_AUTORELEASING = YES;
				CLANG_WARN_BOOL_CONVERSION = YES;
				CLANG_WARN_COMMA = YES;
				CLANG_WARN_CONSTANT_CONVERSION = YES;
				CLANG_WARN_DEPRECATED_OBJC_IMPLEMENTATIONS = YES;
				CLANG_WARN_DIRECT_OBJC_ISA_USAGE = YES_ERROR;
				CLANG_WARN_DOCUMENTATION_COMMENTS = YES;
				CLANG_WARN_EMPTY_BODY = YES;
				CLANG_WARN_ENUM_CONVERSION = YES;
				CLANG_WARN_INFINITE_RECURSION = YES;
				CLANG_WARN_INT_CONVERSION = YES;
				CLANG_WARN_NON_LITERAL_NULL_CONVERSION = YES;
				CLANG_WARN_OBJC_IMPLICIT_RETAIN_SELF = YES;
				CLANG_WARN_OBJC_LITERAL_CONVERSION = YES;
				CLANG_WARN_OBJC_ROOT_CLASS = YES_ERROR;
				CLANG_WARN_QUOTED_INCLUDE_IN_FRAMEWORK_HEADER = YES;
				CLANG_WARN_RANGE_LOOP_ANALYSIS = YES;
				CLANG_WARN_STRICT_PROTOTYPES = YES;
				CLANG_WARN_SUSPICIOUS_MOVE = YES;
				CLANG_WARN_UNGUARDED_AVAILABILITY = YES_AGGRESSIVE;
				CLANG_WARN_UNREACHABLE_CODE = YES;
				CLANG_WARN__DUPLICATE_METHOD_MATCH = YES;
				COPY_PHASE_STRIP = NO;
				DEBUG_INFORMATION_FORMAT = "dwarf-with-dsym";
				ENABLE_NS_ASSERTIONS = NO;
				ENABLE_STRICT_OBJC_MSGSEND = YES;
				GCC_C_LANGUAGE_STANDARD = gnu11;
				GCC_NO_COMMON_BLOCKS = YES;
				GCC_WARN_64_TO_32_BIT_CONVERSION = YES;
				GCC_WARN_ABOUT_RETURN_TYPE = YES_ERROR;
				GCC_WARN_UNDECLARED_SELECTOR = YES;
				GCC_WARN_UNINITIALIZED_AUTOS = YES_AGGRESSIVE;
				GCC_WARN_UNUSED_FUNCTION = YES;
				GCC_WARN_UNUSED_VARIABLE = YES;
				IPHONEOS_DEPLOYMENT_TARGET = 15.0;
				MTL_ENABLE_DEBUG_INFO = NO;
				MTL_FAST_MATH = YES;
				SDKROOT = iphoneos;
				SWIFT_COMPILATION_MODE = wholemodule;
				SWIFT_OPTIMIZATION_LEVEL = "-O";
				VALIDATE_PRODUCT = YES;
			};
			name = Release;
		};
		1DF340B82757EC6A00FC5F64 /* Debug */ = {
			isa = XCBuildConfiguration;
			baseConfigurationReference = 57A422ECFDD4835D5A011EBF /* Pods-Moov.debug.xcconfig */;
			buildSettings = {
				API_HOST = "https://api.themoviedb.org/3";
				ASSETCATALOG_COMPILER_APPICON_NAME = AppIcon;
				ASSETCATALOG_COMPILER_GLOBAL_ACCENT_COLOR_NAME = AccentColor;
				CODE_SIGN_STYLE = Automatic;
				CURRENT_PROJECT_VERSION = 1;
				DEVELOPMENT_TEAM = 2W8RYDG9HE;
				GENERATE_INFOPLIST_FILE = YES;
				IMAGE_HOST = "https://image.tmdb.org/t/p/w500";
				INFOPLIST_FILE = Moov/Info.plist;
				INFOPLIST_KEY_UIApplicationSupportsIndirectInputEvents = YES;
				INFOPLIST_KEY_UILaunchStoryboardName = LaunchScreen;
				INFOPLIST_KEY_UIMainStoryboardFile = "";
				INFOPLIST_KEY_UISupportedInterfaceOrientations_iPad = "UIInterfaceOrientationPortrait UIInterfaceOrientationPortraitUpsideDown UIInterfaceOrientationLandscapeLeft UIInterfaceOrientationLandscapeRight";
				INFOPLIST_KEY_UISupportedInterfaceOrientations_iPhone = "UIInterfaceOrientationPortrait UIInterfaceOrientationLandscapeLeft UIInterfaceOrientationLandscapeRight";
				LD_RUNPATH_SEARCH_PATHS = (
					"$(inherited)",
					"@executable_path/Frameworks",
				);
				MARKETING_VERSION = 1.0;
				PRODUCT_BUNDLE_IDENTIFIER = mockada.Moov;
				PRODUCT_NAME = "$(TARGET_NAME)";
				SWIFT_EMIT_LOC_STRINGS = YES;
				SWIFT_VERSION = 5.0;
				TARGETED_DEVICE_FAMILY = "1,2";
			};
			name = Debug;
		};
		1DF340B92757EC6A00FC5F64 /* Release */ = {
			isa = XCBuildConfiguration;
			baseConfigurationReference = 499856166063B00CF1F26D22 /* Pods-Moov.release.xcconfig */;
			buildSettings = {
				API_HOST = "https://api.themoviedb.org/3";
				ASSETCATALOG_COMPILER_APPICON_NAME = AppIcon;
				ASSETCATALOG_COMPILER_GLOBAL_ACCENT_COLOR_NAME = AccentColor;
				CODE_SIGN_STYLE = Automatic;
				CURRENT_PROJECT_VERSION = 1;
				DEVELOPMENT_TEAM = 2W8RYDG9HE;
				GENERATE_INFOPLIST_FILE = YES;
				IMAGE_HOST = "https://image.tmdb.org/t/p/w500";
				INFOPLIST_FILE = Moov/Info.plist;
				INFOPLIST_KEY_UIApplicationSupportsIndirectInputEvents = YES;
				INFOPLIST_KEY_UILaunchStoryboardName = LaunchScreen;
				INFOPLIST_KEY_UIMainStoryboardFile = "";
				INFOPLIST_KEY_UISupportedInterfaceOrientations_iPad = "UIInterfaceOrientationPortrait UIInterfaceOrientationPortraitUpsideDown UIInterfaceOrientationLandscapeLeft UIInterfaceOrientationLandscapeRight";
				INFOPLIST_KEY_UISupportedInterfaceOrientations_iPhone = "UIInterfaceOrientationPortrait UIInterfaceOrientationLandscapeLeft UIInterfaceOrientationLandscapeRight";
				LD_RUNPATH_SEARCH_PATHS = (
					"$(inherited)",
					"@executable_path/Frameworks",
				);
				MARKETING_VERSION = 1.0;
				PRODUCT_BUNDLE_IDENTIFIER = mockada.Moov;
				PRODUCT_NAME = "$(TARGET_NAME)";
				SWIFT_EMIT_LOC_STRINGS = YES;
				SWIFT_VERSION = 5.0;
				TARGETED_DEVICE_FAMILY = "1,2";
			};
			name = Release;
		};
		1DF340BB2757EC6A00FC5F64 /* Debug */ = {
			isa = XCBuildConfiguration;
			baseConfigurationReference = A8AC4F0DCC4ED532513CBF75 /* Pods-MoovTests.debug.xcconfig */;
			buildSettings = {
				ALWAYS_EMBED_SWIFT_STANDARD_LIBRARIES = YES;
				BUNDLE_LOADER = "$(TEST_HOST)";
				CODE_SIGN_STYLE = Automatic;
				CURRENT_PROJECT_VERSION = 1;
				DEVELOPMENT_TEAM = 2W8RYDG9HE;
				GENERATE_INFOPLIST_FILE = YES;
				IPHONEOS_DEPLOYMENT_TARGET = 15.0;
				LD_RUNPATH_SEARCH_PATHS = (
					"$(inherited)",
					"@executable_path/Frameworks",
					"@loader_path/Frameworks",
				);
				MARKETING_VERSION = 1.0;
				PRODUCT_BUNDLE_IDENTIFIER = mockada.MoovTests;
				PRODUCT_NAME = "$(TARGET_NAME)";
				SWIFT_EMIT_LOC_STRINGS = NO;
				SWIFT_VERSION = 5.0;
				TARGETED_DEVICE_FAMILY = "1,2";
				TEST_HOST = "$(BUILT_PRODUCTS_DIR)/Moov.app/Moov";
			};
			name = Debug;
		};
		1DF340BC2757EC6A00FC5F64 /* Release */ = {
			isa = XCBuildConfiguration;
			baseConfigurationReference = 1AE7A2245A4C0F73927257B9 /* Pods-MoovTests.release.xcconfig */;
			buildSettings = {
				ALWAYS_EMBED_SWIFT_STANDARD_LIBRARIES = YES;
				BUNDLE_LOADER = "$(TEST_HOST)";
				CODE_SIGN_STYLE = Automatic;
				CURRENT_PROJECT_VERSION = 1;
				DEVELOPMENT_TEAM = 2W8RYDG9HE;
				GENERATE_INFOPLIST_FILE = YES;
				IPHONEOS_DEPLOYMENT_TARGET = 15.0;
				LD_RUNPATH_SEARCH_PATHS = (
					"$(inherited)",
					"@executable_path/Frameworks",
					"@loader_path/Frameworks",
				);
				MARKETING_VERSION = 1.0;
				PRODUCT_BUNDLE_IDENTIFIER = mockada.MoovTests;
				PRODUCT_NAME = "$(TARGET_NAME)";
				SWIFT_EMIT_LOC_STRINGS = NO;
				SWIFT_VERSION = 5.0;
				TARGETED_DEVICE_FAMILY = "1,2";
				TEST_HOST = "$(BUILT_PRODUCTS_DIR)/Moov.app/Moov";
			};
			name = Release;
		};
		1DF340BE2757EC6A00FC5F64 /* Debug */ = {
			isa = XCBuildConfiguration;
			baseConfigurationReference = CDF3D3A4A9F2E5005B9D11E4 /* Pods-Moov-MoovUITests.debug.xcconfig */;
			buildSettings = {
				ALWAYS_EMBED_SWIFT_STANDARD_LIBRARIES = YES;
				CODE_SIGN_STYLE = Automatic;
				CURRENT_PROJECT_VERSION = 1;
				DEVELOPMENT_TEAM = 2W8RYDG9HE;
				GENERATE_INFOPLIST_FILE = YES;
				LD_RUNPATH_SEARCH_PATHS = (
					"$(inherited)",
					"@executable_path/Frameworks",
					"@loader_path/Frameworks",
				);
				MARKETING_VERSION = 1.0;
				PRODUCT_BUNDLE_IDENTIFIER = mockada.MoovUITests;
				PRODUCT_NAME = "$(TARGET_NAME)";
				SWIFT_EMIT_LOC_STRINGS = NO;
				SWIFT_VERSION = 5.0;
				TARGETED_DEVICE_FAMILY = "1,2";
				TEST_TARGET_NAME = Moov;
			};
			name = Debug;
		};
		1DF340BF2757EC6A00FC5F64 /* Release */ = {
			isa = XCBuildConfiguration;
			baseConfigurationReference = 6FFB05A812B5B51E1686FF19 /* Pods-Moov-MoovUITests.release.xcconfig */;
			buildSettings = {
				ALWAYS_EMBED_SWIFT_STANDARD_LIBRARIES = YES;
				CODE_SIGN_STYLE = Automatic;
				CURRENT_PROJECT_VERSION = 1;
				DEVELOPMENT_TEAM = 2W8RYDG9HE;
				GENERATE_INFOPLIST_FILE = YES;
				LD_RUNPATH_SEARCH_PATHS = (
					"$(inherited)",
					"@executable_path/Frameworks",
					"@loader_path/Frameworks",
				);
				MARKETING_VERSION = 1.0;
				PRODUCT_BUNDLE_IDENTIFIER = mockada.MoovUITests;
				PRODUCT_NAME = "$(TARGET_NAME)";
				SWIFT_EMIT_LOC_STRINGS = NO;
				SWIFT_VERSION = 5.0;
				TARGETED_DEVICE_FAMILY = "1,2";
				TEST_TARGET_NAME = Moov;
			};
			name = Release;
		};
/* End XCBuildConfiguration section */

/* Begin XCConfigurationList section */
		1DF340852757EC6700FC5F64 /* Build configuration list for PBXProject "Moov" */ = {
			isa = XCConfigurationList;
			buildConfigurations = (
				1DF340B52757EC6A00FC5F64 /* Debug */,
				1DF340B62757EC6A00FC5F64 /* Release */,
			);
			defaultConfigurationIsVisible = 0;
			defaultConfigurationName = Release;
		};
		1DF340B72757EC6A00FC5F64 /* Build configuration list for PBXNativeTarget "Moov" */ = {
			isa = XCConfigurationList;
			buildConfigurations = (
				1DF340B82757EC6A00FC5F64 /* Debug */,
				1DF340B92757EC6A00FC5F64 /* Release */,
			);
			defaultConfigurationIsVisible = 0;
			defaultConfigurationName = Release;
		};
		1DF340BA2757EC6A00FC5F64 /* Build configuration list for PBXNativeTarget "MoovTests" */ = {
			isa = XCConfigurationList;
			buildConfigurations = (
				1DF340BB2757EC6A00FC5F64 /* Debug */,
				1DF340BC2757EC6A00FC5F64 /* Release */,
			);
			defaultConfigurationIsVisible = 0;
			defaultConfigurationName = Release;
		};
		1DF340BD2757EC6A00FC5F64 /* Build configuration list for PBXNativeTarget "MoovUITests" */ = {
			isa = XCConfigurationList;
			buildConfigurations = (
				1DF340BE2757EC6A00FC5F64 /* Debug */,
				1DF340BF2757EC6A00FC5F64 /* Release */,
			);
			defaultConfigurationIsVisible = 0;
			defaultConfigurationName = Release;
		};
/* End XCConfigurationList section */
	};
	rootObject = 1DF340822757EC6700FC5F64 /* Project object */;
}
