{
  "pins" : [
    {
      "identity" : "natworkspm",
      "kind" : "remoteSourceControl",
      "location" : "https://github.com/mockada/NatworkSPM.git",
      "state" : {
        "branch" : "main",
        "revision" : "50f31bf1a67d3d938b8772b37cb318ba26c2ddc6"
      }
    }
  ],
  "version" : 2
}
